
Microsoft Visual Studio Solution File, Format Version 12.00
# Visual Studio Version 17
VisualStudioVersion = 17.0.31912.275
MinimumVisualStudioVersion = 10.0.40219.1
Project("{9A19103F-16F7-4668-BE54-9A1E7A4F7556}") = "Leadsly.Application.Api", "Leadsly.Application.Api\Leadsly.Application.Api.csproj", "{9B23C5C9-C8F3-4E4A-AE7E-FB9BB7CF29E6}"
EndProject
Project("{9A19103F-16F7-4668-BE54-9A1E7A4F7556}") = "Leadsly.Domain", "Leadsly.Domain\Leadsly.Domain.csproj", "{908EE3F9-73BB-4E5A-996E-177AA09813C3}"
EndProject
Project("{9A19103F-16F7-4668-BE54-9A1E7A4F7556}") = "Leadsly.Infrastructure", "Leadsly.Infrastructure\Leadsly.Infrastructure.csproj", "{BF22B581-F596-46CA-A120-B73DCA0AF629}"
EndProject
Project("{9A19103F-16F7-4668-BE54-9A1E7A4F7556}") = "Leadsly.Application.Model", "Leadsly.Application.Model\Leadsly.Application.Model.csproj", "{97850436-0B56-43F1-BD3B-B6A5D58C01E1}"
EndProject
Global
	GlobalSection(SolutionConfigurationPlatforms) = preSolution
		Debug|Any CPU = Debug|Any CPU
		Debug|x64 = Debug|x64
		Release|Any CPU = Release|Any CPU
		Release|x64 = Release|x64
	EndGlobalSection
	GlobalSection(ProjectConfigurationPlatforms) = postSolution
		{9B23C5C9-C8F3-4E4A-AE7E-FB9BB7CF29E6}.Debug|Any CPU.ActiveCfg = Debug|x64
		{9B23C5C9-C8F3-4E4A-AE7E-FB9BB7CF29E6}.Debug|Any CPU.Build.0 = Debug|x64
		{9B23C5C9-C8F3-4E4A-AE7E-FB9BB7CF29E6}.Debug|x64.ActiveCfg = Debug|x64
		{9B23C5C9-C8F3-4E4A-AE7E-FB9BB7CF29E6}.Debug|x64.Build.0 = Debug|x64
		{9B23C5C9-C8F3-4E4A-AE7E-FB9BB7CF29E6}.Release|Any CPU.ActiveCfg = Release|x64
		{9B23C5C9-C8F3-4E4A-AE7E-FB9BB7CF29E6}.Release|Any CPU.Build.0 = Release|x64
		{9B23C5C9-C8F3-4E4A-AE7E-FB9BB7CF29E6}.Release|x64.ActiveCfg = Release|x64
		{9B23C5C9-C8F3-4E4A-AE7E-FB9BB7CF29E6}.Release|x64.Build.0 = Release|x64
		{908EE3F9-73BB-4E5A-996E-177AA09813C3}.Debug|Any CPU.ActiveCfg = Debug|x64
		{908EE3F9-73BB-4E5A-996E-177AA09813C3}.Debug|Any CPU.Build.0 = Debug|x64
		{908EE3F9-73BB-4E5A-996E-177AA09813C3}.Debug|x64.ActiveCfg = Debug|x64
		{908EE3F9-73BB-4E5A-996E-177AA09813C3}.Debug|x64.Build.0 = Debug|x64
		{908EE3F9-73BB-4E5A-996E-177AA09813C3}.Release|Any CPU.ActiveCfg = Release|x64
		{908EE3F9-73BB-4E5A-996E-177AA09813C3}.Release|Any CPU.Build.0 = Release|x64
		{908EE3F9-73BB-4E5A-996E-177AA09813C3}.Release|x64.ActiveCfg = Release|x64
		{908EE3F9-73BB-4E5A-996E-177AA09813C3}.Release|x64.Build.0 = Release|x64
		{BF22B581-F596-46CA-A120-B73DCA0AF629}.Debug|Any CPU.ActiveCfg = Debug|Any CPU
		{BF22B581-F596-46CA-A120-B73DCA0AF629}.Debug|Any CPU.Build.0 = Debug|Any CPU
		{BF22B581-F596-46CA-A120-B73DCA0AF629}.Debug|x64.ActiveCfg = Debug|Any CPU
		{BF22B581-F596-46CA-A120-B73DCA0AF629}.Debug|x64.Build.0 = Debug|Any CPU
		{BF22B581-F596-46CA-A120-B73DCA0AF629}.Release|Any CPU.ActiveCfg = Release|Any CPU
		{BF22B581-F596-46CA-A120-B73DCA0AF629}.Release|Any CPU.Build.0 = Release|Any CPU
		{BF22B581-F596-46CA-A120-B73DCA0AF629}.Release|x64.ActiveCfg = Release|Any CPU
		{BF22B581-F596-46CA-A120-B73DCA0AF629}.Release|x64.Build.0 = Release|Any CPU
		{97850436-0B56-43F1-BD3B-B6A5D58C01E1}.Debug|Any CPU.ActiveCfg = Debug|Any CPU
		{97850436-0B56-43F1-BD3B-B6A5D58C01E1}.Debug|Any CPU.Build.0 = Debug|Any CPU
		{97850436-0B56-43F1-BD3B-B6A5D58C01E1}.Debug|x64.ActiveCfg = Debug|Any CPU
		{97850436-0B56-43F1-BD3B-B6A5D58C01E1}.Debug|x64.Build.0 = Debug|Any CPU
		{97850436-0B56-43F1-BD3B-B6A5D58C01E1}.Release|Any CPU.ActiveCfg = Release|Any CPU
		{97850436-0B56-43F1-BD3B-B6A5D58C01E1}.Release|Any CPU.Build.0 = Release|Any CPU
		{97850436-0B56-43F1-BD3B-B6A5D58C01E1}.Release|x64.ActiveCfg = Release|Any CPU
		{97850436-0B56-43F1-BD3B-B6A5D58C01E1}.Release|x64.Build.0 = Release|Any CPU
	EndGlobalSection
	GlobalSection(SolutionProperties) = preSolution
		HideSolutionNode = FALSE
	EndGlobalSection
	GlobalSection(ExtensibilityGlobals) = postSolution
		SolutionGuid = {002AB1D2-58B0-4910-A372-2E1AEBC3D9DC}
	EndGlobalSection
EndGlobal
